{
  "name": "vue-assembly",
  "version": "1.0.0",
  "lockfileVersion": 1,
  "requires": true,
  "dependencies": {
    "arrify": {
      "version": "1.0.1",
      "resolved": "http://tsi-sv-artp-02:80/artifactory/api/npm/npm/arrify/-/arrify-1.0.1.tgz",
      "integrity": "sha1-iYUI2iIm84DfkEcoRWhJwVAaSw0="
    },
    "assemblyscript": {
      "version": "github:assemblyscript/assemblyscript#2e554657ca165b4cba577bec4e66dd453ef9c16e",
      "from": "github:assemblyscript/assemblyscript",
      "requires": {
        "binaryen": "89.0.0-nightly.20191116",
        "long": "^4.0.0",
        "source-map-support": "^0.5.16",
        "ts-node": "^6.2.0",
        "typescript": "^3.7.2"
      }
    },
    "binaryen": {
      "version": "89.0.0-nightly.20191116",
      "resolved": "http://tsi-sv-artp-02:80/artifactory/api/npm/npm/binaryen/-/binaryen-89.0.0-nightly.20191116.tgz",
      "integrity": "sha1-GIgbspftpZJGdOIK7MxBxhOUnP4="
    },
    "buffer-from": {
      "version": "1.1.1",
      "resolved": "http://tsi-sv-artp-02:80/artifactory/api/npm/npm/buffer-from/-/buffer-from-1.1.1.tgz",
      "integrity": "sha1-MnE7wCj3XAL9txDXx7zsHyxgcO8="
    },
    "diff": {
      "version": "3.5.0",
      "resolved": "http://tsi-sv-artp-02:80/artifactory/api/npm/npm/diff/-/diff-3.5.0.tgz",
      "integrity": "sha1-gAwN0eCov7yVg1wgKtIg/jF+WhI="
    },
    "long": {
      "version": "4.0.0",
      "resolved": "http://tsi-sv-artp-02:80/artifactory/api/npm/npm/long/-/long-4.0.0.tgz",
      "integrity": "sha1-mntxz7fTYaGU6lVSQckvdGjVvyg="
    },
    "make-error": {
      "version": "1.3.5",
      "resolved": "http://tsi-sv-artp-02:80/artifactory/api/npm/npm/make-error/-/make-error-1.3.5.tgz",
      "integrity": "sha1-7+ToH22yjK3WBccPKcgxtY73dsg="
    },
    "minimist": {
      "version": "1.2.0",
      "resolved": "http://tsi-sv-artp-02:80/artifactory/api/npm/npm/minimist/-/minimist-1.2.0.tgz",
      "integrity": "sha1-o1AIsg9BOD7sH7kU9M1d95omQoQ="
    },
    "mkdirp": {
      "version": "0.5.1",
      "resolved": "http://tsi-sv-artp-02:80/artifactory/api/npm/npm/mkdirp/-/mkdirp-0.5.1.tgz",
      "integrity": "sha1-MAV0OOrGz3+MR2fzhkjWaX11yQM=",
      "requires": {
        "minimist": "0.0.8"
      },
      "dependencies": {
        "minimist": {
          "version": "0.0.8",
          "resolved": "http://tsi-sv-artp-02:80/artifactory/api/npm/npm/minimist/-/minimist-0.0.8.tgz",
          "integrity": "sha1-hX/Kv8M5fSYluCKCYuhqp6ARsF0="
        }
      }
    },
    "source-map": {
      "version": "0.6.1",
      "resolved": "http://tsi-sv-artp-02:80/artifactory/api/npm/npm/source-map/-/source-map-0.6.1.tgz",
      "integrity": "sha1-dHIq8y6WFOnCh6jQu95IteLxomM="
    },
    "source-map-support": {
      "version": "0.5.16",
      "resolved": "http://tsi-sv-artp-02:80/artifactory/api/npm/npm/source-map-support/-/source-map-support-0.5.16.tgz",
      "integrity": "sha1-CuBp5/47p1OMZMmFFeNTOerFoEI=",
      "requires": {
        "buffer-from": "^1.0.0",
        "source-map": "^0.6.0"
      }
    },
    "ts-node": {
      "version": "6.2.0",
      "resolved": "http://tsi-sv-artp-02:80/artifactory/api/npm/npm/ts-node/-/ts-node-6.2.0.tgz",
      "integrity": "sha1-ZaCuKszjGepP16yNfJ8fkMXaa68=",
      "requires": {
        "arrify": "^1.0.0",
        "buffer-from": "^1.1.0",
        "diff": "^3.1.0",
        "make-error": "^1.1.1",
        "minimist": "^1.2.0",
        "mkdirp": "^0.5.1",
        "source-map-support": "^0.5.6",
        "yn": "^2.0.0"
      }
    },
    "typescript": {
      "version": "3.7.2",
      "resolved": "http://tsi-sv-artp-02:80/artifactory/api/npm/npm/typescript/-/typescript-3.7.2.tgz",
      "integrity": "sha1-J+SJuV+lkJRF6f717kjYFpetGPs="
    },
    "yn": {
      "version": "2.0.0",
      "resolved": "http://tsi-sv-artp-02:80/artifactory/api/npm/npm/yn/-/yn-2.0.0.tgz",
      "integrity": "sha1-5a2ryKz0CPY4X8dklWhMiOavaJo="
    }
  }
}
